
Microsoft Visual Studio Solution File, Format Version 12.00
# Visual Studio 15
VisualStudioVersion = 15.0.28307.106
MinimumVisualStudioVersion = 10.0.40219.1
Project("{9A19103F-16F7-4668-BE54-9A1E7A4F7556}") = "SingleLinkedList", "SingleLinkedList\SingleLinkedList.csproj", "{5270ED39-8F5B-4DA8-8044-AC0000234FD2}"
EndProject
Project("{9A19103F-16F7-4668-BE54-9A1E7A4F7556}") = "DoubleLinkedList", "DoubleLinkedList\DoubleLinkedList.csproj", "{A391E6C4-343D-4AC2-9FA6-2B011AFC4E7B}"
EndProject
Project("{FAE04EC0-301F-11D3-BF4B-00C04F79EFBC}") = "Binary_Tree", "BinaryTree\Binary_Tree.csproj", "{7E1DA460-92D7-4D18-B22C-718A128D8108}"
EndProject
Global
	GlobalSection(SolutionConfigurationPlatforms) = preSolution
		Debug|Any CPU = Debug|Any CPU
		Release|Any CPU = Release|Any CPU
	EndGlobalSection
	GlobalSection(ProjectConfigurationPlatforms) = postSolution
		{5270ED39-8F5B-4DA8-8044-AC0000234FD2}.Debug|Any CPU.ActiveCfg = Debug|Any CPU
		{5270ED39-8F5B-4DA8-8044-AC0000234FD2}.Debug|Any CPU.Build.0 = Debug|Any CPU
		{5270ED39-8F5B-4DA8-8044-AC0000234FD2}.Release|Any CPU.ActiveCfg = Release|Any CPU
		{5270ED39-8F5B-4DA8-8044-AC0000234FD2}.Release|Any CPU.Build.0 = Release|Any CPU
		{A391E6C4-343D-4AC2-9FA6-2B011AFC4E7B}.Debug|Any CPU.ActiveCfg = Debug|Any CPU
		{A391E6C4-343D-4AC2-9FA6-2B011AFC4E7B}.Debug|Any CPU.Build.0 = Debug|Any CPU
		{A391E6C4-343D-4AC2-9FA6-2B011AFC4E7B}.Release|Any CPU.ActiveCfg = Release|Any CPU
		{A391E6C4-343D-4AC2-9FA6-2B011AFC4E7B}.Release|Any CPU.Build.0 = Release|Any CPU
		{7E1DA460-92D7-4D18-B22C-718A128D8108}.Debug|Any CPU.ActiveCfg = Debug|Any CPU
		{7E1DA460-92D7-4D18-B22C-718A128D8108}.Debug|Any CPU.Build.0 = Debug|Any CPU
		{7E1DA460-92D7-4D18-B22C-718A128D8108}.Release|Any CPU.ActiveCfg = Release|Any CPU
		{7E1DA460-92D7-4D18-B22C-718A128D8108}.Release|Any CPU.Build.0 = Release|Any CPU
	EndGlobalSection
	GlobalSection(SolutionProperties) = preSolution
		HideSolutionNode = FALSE
	EndGlobalSection
	GlobalSection(ExtensibilityGlobals) = postSolution
		SolutionGuid = {268530CD-1839-4BC1-9908-8A258C3B9EF8}
	EndGlobalSection
EndGlobal
